
Microsoft Visual Studio Solution File, Format Version 12.00
# Visual Studio Version 17
VisualStudioVersion = 17.8.34322.80
MinimumVisualStudioVersion = 10.0.40219.1
Project("{9A19103F-16F7-4668-BE54-9A1E7A4F7556}") = "Assignment_AdressBook", "Assignment_AdressBook\Assignment_AdressBook.csproj", "{F8AFFFF0-5E2F-42E8-9EB8-D4EB5C5420FF}"
EndProject
Project("{9A19103F-16F7-4668-BE54-9A1E7A4F7556}") = "ClassLibrary_AdressBook", "ClassLibrary_AdressBook\ClassLibrary_AdressBook.csproj", "{92D5553A-803C-49D3-957E-065EE699B8D9}"
EndProject
Project("{9A19103F-16F7-4668-BE54-9A1E7A4F7556}") = "AdressBook_Tests", "AdressBook_Tests\AdressBook_Tests.csproj", "{AEE7E067-A9D0-4C27-8724-319678BA427C}"
EndProject
Project("{9A19103F-16F7-4668-BE54-9A1E7A4F7556}") = "ConsoleApp_AdressBook", "ConsoleApp_AdressBook\ConsoleApp_AdressBook.csproj", "{9112C4E2-941C-411A-AB1B-10F1949E45CE}"
EndProject
Global
	GlobalSection(SolutionConfigurationPlatforms) = preSolution
		Debug|Any CPU = Debug|Any CPU
		Release|Any CPU = Release|Any CPU
	EndGlobalSection
	GlobalSection(ProjectConfigurationPlatforms) = postSolution
		{F8AFFFF0-5E2F-42E8-9EB8-D4EB5C5420FF}.Debug|Any CPU.ActiveCfg = Debug|Any CPU
		{F8AFFFF0-5E2F-42E8-9EB8-D4EB5C5420FF}.Debug|Any CPU.Build.0 = Debug|Any CPU
		{F8AFFFF0-5E2F-42E8-9EB8-D4EB5C5420FF}.Release|Any CPU.ActiveCfg = Release|Any CPU
		{F8AFFFF0-5E2F-42E8-9EB8-D4EB5C5420FF}.Release|Any CPU.Build.0 = Release|Any CPU
		{92D5553A-803C-49D3-957E-065EE699B8D9}.Debug|Any CPU.ActiveCfg = Debug|Any CPU
		{92D5553A-803C-49D3-957E-065EE699B8D9}.Debug|Any CPU.Build.0 = Debug|Any CPU
		{92D5553A-803C-49D3-957E-065EE699B8D9}.Release|Any CPU.ActiveCfg = Release|Any CPU
		{92D5553A-803C-49D3-957E-065EE699B8D9}.Release|Any CPU.Build.0 = Release|Any CPU
		{AEE7E067-A9D0-4C27-8724-319678BA427C}.Debug|Any CPU.ActiveCfg = Debug|Any CPU
		{AEE7E067-A9D0-4C27-8724-319678BA427C}.Debug|Any CPU.Build.0 = Debug|Any CPU
		{AEE7E067-A9D0-4C27-8724-319678BA427C}.Release|Any CPU.ActiveCfg = Release|Any CPU
		{AEE7E067-A9D0-4C27-8724-319678BA427C}.Release|Any CPU.Build.0 = Release|Any CPU
		{9112C4E2-941C-411A-AB1B-10F1949E45CE}.Debug|Any CPU.ActiveCfg = Debug|Any CPU
		{9112C4E2-941C-411A-AB1B-10F1949E45CE}.Debug|Any CPU.Build.0 = Debug|Any CPU
		{9112C4E2-941C-411A-AB1B-10F1949E45CE}.Release|Any CPU.ActiveCfg = Release|Any CPU
		{9112C4E2-941C-411A-AB1B-10F1949E45CE}.Release|Any CPU.Build.0 = Release|Any CPU
	EndGlobalSection
	GlobalSection(SolutionProperties) = preSolution
		HideSolutionNode = FALSE
	EndGlobalSection
	GlobalSection(ExtensibilityGlobals) = postSolution
		SolutionGuid = {90825CD5-4705-48ED-B0D8-1CCB5A7F6217}
	EndGlobalSection
EndGlobal
